
Microsoft Visual Studio Solution File, Format Version 12.00
# Visual Studio Version 16
VisualStudioVersion = 16.0.29613.14
MinimumVisualStudioVersion = 10.0.40219.1
Project("{FAE04EC0-301F-11D3-BF4B-00C04F79EFBC}") = "LabelShopping", "LabelShopping\LabelShopping.csproj", "{771765DF-378F-4DBE-B2F7-D9E3CD80D9F0}"
EndProject
Global
	GlobalSection(SolutionConfigurationPlatforms) = preSolution
		Debug|Any CPU = Debug|Any CPU
		Release|Any CPU = Release|Any CPU
	EndGlobalSection
	GlobalSection(ProjectConfigurationPlatforms) = postSolution
		{771765DF-378F-4DBE-B2F7-D9E3CD80D9F0}.Debug|Any CPU.ActiveCfg = Debug|Any CPU
		{771765DF-378F-4DBE-B2F7-D9E3CD80D9F0}.Debug|Any CPU.Build.0 = Debug|Any CPU
		{771765DF-378F-4DBE-B2F7-D9E3CD80D9F0}.Release|Any CPU.ActiveCfg = Release|Any CPU
		{771765DF-378F-4DBE-B2F7-D9E3CD80D9F0}.Release|Any CPU.Build.0 = Release|Any CPU
	EndGlobalSection
	GlobalSection(SolutionProperties) = preSolution
		HideSolutionNode = FALSE
	EndGlobalSection
	GlobalSection(ExtensibilityGlobals) = postSolution
		SolutionGuid = {88462788-D9A8-409B-B763-CA5C30014FA8}
	EndGlobalSection
EndGlobal
